
Microsoft Visual Studio Solution File, Format Version 12.00
# Visual Studio Version 17
VisualStudioVersion = 17.0.31903.59
MinimumVisualStudioVersion = 10.0.40219.1
Project("{FAE04EC0-301F-11D3-BF4B-00C04F79EFBC}") = "ClinicManagement.API", "ClinicManagement.API\ClinicManagement.API.csproj", "{91E26C0F-FF84-40FC-A4F0-330153FE8D72}"
EndProject
Project("{FAE04EC0-301F-11D3-BF4B-00C04F79EFBC}") = "ClinicManagement.Application", "ClinicManagement.Application\ClinicManagement.Application.csproj", "{989F8534-842A-4EEF-8351-ABCD2793869B}"
EndProject
Project("{FAE04EC0-301F-11D3-BF4B-00C04F79EFBC}") = "ClinicManagement.Domain", "ClinicManagement.Domain\ClinicManagement.Domain.csproj", "{A25BAEC0-0A04-42D6-B76A-A49D3DA0E5AA}"
EndProject
Project("{FAE04EC0-301F-11D3-BF4B-00C04F79EFBC}") = "ClinicManagement.Infrastructure", "ClinicManagement.Infrastructure\ClinicManagement.Infrastructure.csproj", "{5EB6EB91-791D-456C-8EEC-44382CB2CB2B}"
EndProject
Global
	GlobalSection(SolutionConfigurationPlatforms) = preSolution
		Debug|Any CPU = Debug|Any CPU
		Debug|x64 = Debug|x64
		Debug|x86 = Debug|x86
		Release|Any CPU = Release|Any CPU
		Release|x64 = Release|x64
		Release|x86 = Release|x86
	EndGlobalSection
	GlobalSection(ProjectConfigurationPlatforms) = postSolution
		{91E26C0F-FF84-40FC-A4F0-330153FE8D72}.Debug|Any CPU.ActiveCfg = Debug|Any CPU
		{91E26C0F-FF84-40FC-A4F0-330153FE8D72}.Debug|Any CPU.Build.0 = Debug|Any CPU
		{91E26C0F-FF84-40FC-A4F0-330153FE8D72}.Debug|x64.ActiveCfg = Debug|Any CPU
		{91E26C0F-FF84-40FC-A4F0-330153FE8D72}.Debug|x64.Build.0 = Debug|Any CPU
		{91E26C0F-FF84-40FC-A4F0-330153FE8D72}.Debug|x86.ActiveCfg = Debug|Any CPU
		{91E26C0F-FF84-40FC-A4F0-330153FE8D72}.Debug|x86.Build.0 = Debug|Any CPU
		{91E26C0F-FF84-40FC-A4F0-330153FE8D72}.Release|Any CPU.ActiveCfg = Release|Any CPU
		{91E26C0F-FF84-40FC-A4F0-330153FE8D72}.Release|Any CPU.Build.0 = Release|Any CPU
		{91E26C0F-FF84-40FC-A4F0-330153FE8D72}.Release|x64.ActiveCfg = Release|Any CPU
		{91E26C0F-FF84-40FC-A4F0-330153FE8D72}.Release|x64.Build.0 = Release|Any CPU
		{91E26C0F-FF84-40FC-A4F0-330153FE8D72}.Release|x86.ActiveCfg = Release|Any CPU
		{91E26C0F-FF84-40FC-A4F0-330153FE8D72}.Release|x86.Build.0 = Release|Any CPU
		{989F8534-842A-4EEF-8351-ABCD2793869B}.Debug|Any CPU.ActiveCfg = Debug|Any CPU
		{989F8534-842A-4EEF-8351-ABCD2793869B}.Debug|Any CPU.Build.0 = Debug|Any CPU
		{989F8534-842A-4EEF-8351-ABCD2793869B}.Debug|x64.ActiveCfg = Debug|Any CPU
		{989F8534-842A-4EEF-8351-ABCD2793869B}.Debug|x64.Build.0 = Debug|Any CPU
		{989F8534-842A-4EEF-8351-ABCD2793869B}.Debug|x86.ActiveCfg = Debug|Any CPU
		{989F8534-842A-4EEF-8351-ABCD2793869B}.Debug|x86.Build.0 = Debug|Any CPU
		{989F8534-842A-4EEF-8351-ABCD2793869B}.Release|Any CPU.ActiveCfg = Release|Any CPU
		{989F8534-842A-4EEF-8351-ABCD2793869B}.Release|Any CPU.Build.0 = Release|Any CPU
		{989F8534-842A-4EEF-8351-ABCD2793869B}.Release|x64.ActiveCfg = Release|Any CPU
		{989F8534-842A-4EEF-8351-ABCD2793869B}.Release|x64.Build.0 = Release|Any CPU
		{989F8534-842A-4EEF-8351-ABCD2793869B}.Release|x86.ActiveCfg = Release|Any CPU
		{989F8534-842A-4EEF-8351-ABCD2793869B}.Release|x86.Build.0 = Release|Any CPU
		{A25BAEC0-0A04-42D6-B76A-A49D3DA0E5AA}.Debug|Any CPU.ActiveCfg = Debug|Any CPU
		{A25BAEC0-0A04-42D6-B76A-A49D3DA0E5AA}.Debug|Any CPU.Build.0 = Debug|Any CPU
		{A25BAEC0-0A04-42D6-B76A-A49D3DA0E5AA}.Debug|x64.ActiveCfg = Debug|Any CPU
		{A25BAEC0-0A04-42D6-B76A-A49D3DA0E5AA}.Debug|x64.Build.0 = Debug|Any CPU
		{A25BAEC0-0A04-42D6-B76A-A49D3DA0E5AA}.Debug|x86.ActiveCfg = Debug|Any CPU
		{A25BAEC0-0A04-42D6-B76A-A49D3DA0E5AA}.Debug|x86.Build.0 = Debug|Any CPU
		{A25BAEC0-0A04-42D6-B76A-A49D3DA0E5AA}.Release|Any CPU.ActiveCfg = Release|Any CPU
		{A25BAEC0-0A04-42D6-B76A-A49D3DA0E5AA}.Release|Any CPU.Build.0 = Release|Any CPU
		{A25BAEC0-0A04-42D6-B76A-A49D3DA0E5AA}.Release|x64.ActiveCfg = Release|Any CPU
		{A25BAEC0-0A04-42D6-B76A-A49D3DA0E5AA}.Release|x64.Build.0 = Release|Any CPU
		{A25BAEC0-0A04-42D6-B76A-A49D3DA0E5AA}.Release|x86.ActiveCfg = Release|Any CPU
		{A25BAEC0-0A04-42D6-B76A-A49D3DA0E5AA}.Release|x86.Build.0 = Release|Any CPU
		{5EB6EB91-791D-456C-8EEC-44382CB2CB2B}.Debug|Any CPU.ActiveCfg = Debug|Any CPU
		{5EB6EB91-791D-456C-8EEC-44382CB2CB2B}.Debug|Any CPU.Build.0 = Debug|Any CPU
		{5EB6EB91-791D-456C-8EEC-44382CB2CB2B}.Debug|x64.ActiveCfg = Debug|Any CPU
		{5EB6EB91-791D-456C-8EEC-44382CB2CB2B}.Debug|x64.Build.0 = Debug|Any CPU
		{5EB6EB91-791D-456C-8EEC-44382CB2CB2B}.Debug|x86.ActiveCfg = Debug|Any CPU
		{5EB6EB91-791D-456C-8EEC-44382CB2CB2B}.Debug|x86.Build.0 = Debug|Any CPU
		{5EB6EB91-791D-456C-8EEC-44382CB2CB2B}.Release|Any CPU.ActiveCfg = Release|Any CPU
		{5EB6EB91-791D-456C-8EEC-44382CB2CB2B}.Release|Any CPU.Build.0 = Release|Any CPU
		{5EB6EB91-791D-456C-8EEC-44382CB2CB2B}.Release|x64.ActiveCfg = Release|Any CPU
		{5EB6EB91-791D-456C-8EEC-44382CB2CB2B}.Release|x64.Build.0 = Release|Any CPU
		{5EB6EB91-791D-456C-8EEC-44382CB2CB2B}.Release|x86.ActiveCfg = Release|Any CPU
		{5EB6EB91-791D-456C-8EEC-44382CB2CB2B}.Release|x86.Build.0 = Release|Any CPU
	EndGlobalSection
	GlobalSection(SolutionProperties) = preSolution
		HideSolutionNode = FALSE
	EndGlobalSection
EndGlobal
